
Microsoft Visual Studio Solution File, Format Version 12.00
# Visual Studio Version 17
VisualStudioVersion = 17.9.34714.143
MinimumVisualStudioVersion = 10.0.40219.1
Project("{FAE04EC0-301F-11D3-BF4B-00C04F79EFBC}") = "ActivoFijo.AppWeb", "ActivoFijo.AppWeb\ActivoFijo.AppWeb.csproj", "{3017AB67-1D78-4643-9ACE-D4E8D29A3ABF}"
EndProject
Project("{FAE04EC0-301F-11D3-BF4B-00C04F79EFBC}") = "ActivoFijo.Data", "ActivoFijo.Data\ActivoFijo.Data.csproj", "{F9F35D2B-2D31-4AF7-86FB-3F9FD3673EA4}"
EndProject
Project("{FAE04EC0-301F-11D3-BF4B-00C04F79EFBC}") = "ActivoFijo.Core", "ActivoFijo.Core\ActivoFijo.Core.csproj", "{DA165F2F-90B3-4EB7-940E-2800C6D541EF}"
EndProject
Global
	GlobalSection(SolutionConfigurationPlatforms) = preSolution
		Debug|Any CPU = Debug|Any CPU
		Release|Any CPU = Release|Any CPU
	EndGlobalSection
	GlobalSection(ProjectConfigurationPlatforms) = postSolution
		{3017AB67-1D78-4643-9ACE-D4E8D29A3ABF}.Debug|Any CPU.ActiveCfg = Debug|Any CPU
		{3017AB67-1D78-4643-9ACE-D4E8D29A3ABF}.Debug|Any CPU.Build.0 = Debug|Any CPU
		{3017AB67-1D78-4643-9ACE-D4E8D29A3ABF}.Release|Any CPU.ActiveCfg = Release|Any CPU
		{3017AB67-1D78-4643-9ACE-D4E8D29A3ABF}.Release|Any CPU.Build.0 = Release|Any CPU
		{F9F35D2B-2D31-4AF7-86FB-3F9FD3673EA4}.Debug|Any CPU.ActiveCfg = Debug|Any CPU
		{F9F35D2B-2D31-4AF7-86FB-3F9FD3673EA4}.Debug|Any CPU.Build.0 = Debug|Any CPU
		{F9F35D2B-2D31-4AF7-86FB-3F9FD3673EA4}.Release|Any CPU.ActiveCfg = Release|Any CPU
		{F9F35D2B-2D31-4AF7-86FB-3F9FD3673EA4}.Release|Any CPU.Build.0 = Release|Any CPU
		{DA165F2F-90B3-4EB7-940E-2800C6D541EF}.Debug|Any CPU.ActiveCfg = Debug|Any CPU
		{DA165F2F-90B3-4EB7-940E-2800C6D541EF}.Debug|Any CPU.Build.0 = Debug|Any CPU
		{DA165F2F-90B3-4EB7-940E-2800C6D541EF}.Release|Any CPU.ActiveCfg = Release|Any CPU
		{DA165F2F-90B3-4EB7-940E-2800C6D541EF}.Release|Any CPU.Build.0 = Release|Any CPU
	EndGlobalSection
	GlobalSection(SolutionProperties) = preSolution
		HideSolutionNode = FALSE
	EndGlobalSection
	GlobalSection(ExtensibilityGlobals) = postSolution
		SolutionGuid = {B9583572-FFF0-47E9-B914-D94B06F3AD59}
	EndGlobalSection
EndGlobal
